{
  "name": "@upryzing/lavender-desktop",
  "version": "0.1.0",
  "lockfileVersion": 3,
  "requires": true,
  "packages": {
    "": {
      "name": "@upryzing/lavender-desktop",
      "version": "0.1.0",
      "dependencies": {
        "@tauri-apps/plugin-log": "^2.3.1"
      },
      "devDependencies": {
        "@tauri-apps/cli": "^2.0.2"
      }
    },
    "../../node_modules/.pnpm/@tauri-apps+cli@2.3.1/node_modules/@tauri-apps/cli": {
      "version": "2.3.1",
      "dev": true,
      "license": "Apache-2.0 OR MIT",
      "bin": {
        "tauri": "tauri.js"
      },
      "devDependencies": {
        "@napi-rs/cli": "2.18.4",
        "@types/node": "^22.13.5",
        "cross-env": "7.0.3",
        "vitest": "^3.0.7"
      },
      "engines": {
        "node": ">= 10"
      },
      "funding": {
        "type": "opencollective",
        "url": "https://opencollective.com/tauri"
      },
      "optionalDependencies": {
        "@tauri-apps/cli-darwin-arm64": "2.3.1",
        "@tauri-apps/cli-darwin-x64": "2.3.1",
        "@tauri-apps/cli-linux-arm-gnueabihf": "2.3.1",
        "@tauri-apps/cli-linux-arm64-gnu": "2.3.1",
        "@tauri-apps/cli-linux-arm64-musl": "2.3.1",
        "@tauri-apps/cli-linux-x64-gnu": "2.3.1",
        "@tauri-apps/cli-linux-x64-musl": "2.3.1",
        "@tauri-apps/cli-win32-arm64-msvc": "2.3.1",
        "@tauri-apps/cli-win32-ia32-msvc": "2.3.1",
        "@tauri-apps/cli-win32-x64-msvc": "2.3.1"
      }
    },
    "node_modules/@tauri-apps/api": {
      "version": "2.4.1",
      "resolved": "https://registry.npmjs.org/@tauri-apps/api/-/api-2.4.1.tgz",
      "integrity": "sha512-5sYwZCSJb6PBGbBL4kt7CnE5HHbBqwH+ovmOW6ZVju3nX4E3JX6tt2kRklFEH7xMOIwR0btRkZktuLhKvyEQYg==",
      "license": "Apache-2.0 OR MIT",
      "funding": {
        "type": "opencollective",
        "url": "https://opencollective.com/tauri"
      }
    },
    "node_modules/@tauri-apps/cli": {
      "resolved": "../../node_modules/.pnpm/@tauri-apps+cli@2.3.1/node_modules/@tauri-apps/cli",
      "link": true
    },
    "node_modules/@tauri-apps/plugin-log": {
      "version": "2.3.1",
      "resolved": "https://registry.npmjs.org/@tauri-apps/plugin-log/-/plugin-log-2.3.1.tgz",
      "integrity": "sha512-nnKGHENWt7teqvUlIKxd6bp2wCUrrLvCvajN6CWbyrHBNKPi/pyKELzD511siEMDEdndbiZ/GEhiK0xBtZopRg==",
      "license": "MIT OR Apache-2.0",
      "dependencies": {
        "@tauri-apps/api": "^2.0.0"
      }
    }
  }
}
